
Microsoft Visual Studio Solution File, Format Version 12.00
# Visual Studio Version 16
VisualStudioVersion = 16.0.29409.12
MinimumVisualStudioVersion = 10.0.40219.1
Project("{8BC9CEB8-8B4A-11D0-8D11-00A0C91BC942}") = "d3d12_game", "d3d12_game\d3d12_game.vcxproj", "{129E1E7E-38FB-4DB3-BA79-68C2528BD21B}"
EndProject
Global
	GlobalSection(SolutionConfigurationPlatforms) = preSolution
		Debug|x64 = Debug|x64
		Release|x64 = Release|x64
	EndGlobalSection
	GlobalSection(ProjectConfigurationPlatforms) = postSolution
		{129E1E7E-38FB-4DB3-BA79-68C2528BD21B}.Debug|x64.ActiveCfg = Debug|x64
		{129E1E7E-38FB-4DB3-BA79-68C2528BD21B}.Debug|x64.Build.0 = Debug|x64
		{129E1E7E-38FB-4DB3-BA79-68C2528BD21B}.Release|x64.ActiveCfg = Release|x64
		{129E1E7E-38FB-4DB3-BA79-68C2528BD21B}.Release|x64.Build.0 = Release|x64
	EndGlobalSection
	GlobalSection(SolutionProperties) = preSolution
		HideSolutionNode = FALSE
	EndGlobalSection
	GlobalSection(ExtensibilityGlobals) = postSolution
		SolutionGuid = {4FC45353-D703-40B2-B0DD-0E232D904932}
	EndGlobalSection
EndGlobal
