<?xml version="1.0" encoding="utf-8"?>
<Project ToolsVersion="4.0" xmlns="http://schemas.microsoft.com/developer/msbuild/2003">
  <ItemGroup>
    <Filter Include="External">
      <UniqueIdentifier>{5baf5236-a053-48d0-b294-8b00909906d3}</UniqueIdentifier>
    </Filter>
    <Filter Include="misc">
      <UniqueIdentifier>278bc1c9-c0e2-460a-a3c9-5c7f15733fc7</UniqueIdentifier>
      <Extensions>ico;cur;bmp;dds;dlg;fbx;rct;bin;rgs;gif;jpg;jpeg;jpe;resx;tga;tiff;tif;png;wav;mfcribbon-ms</Extensions>
    </Filter>
    <Filter Include="Header">
      <UniqueIdentifier>{4d4514fe-7285-4a92-8fac-ec94cedc1edb}</UniqueIdentifier>
    </Filter>
    <Filter Include="Source">
      <UniqueIdentifier>{201aa8cf-8c60-471c-85e6-1e89d2734a90}</UniqueIdentifier>
    </Filter>
    <Filter Include="External\imgui">
      <UniqueIdentifier>{b25e258a-d874-41a5-835e-6214fd248d03}</UniqueIdentifier>
    </Filter>
    <Filter Include="New">
      <UniqueIdentifier>{017312c3-b97a-4032-8b75-27f052dc1651}</UniqueIdentifier>
    </Filter>
  </ItemGroup>
  <ItemGroup>
    <ClInclude Include="External\StepTimer.h">
      <Filter>External</Filter>
    </ClInclude>
    <ClInclude Include="External\WICTextureLoader12.h">
      <Filter>External</Filter>
    </ClInclude>
    <ClInclude Include="External\d3dx12.h">
      <Filter>External</Filter>
    </ClInclude>
    <ClInclude Include="PlatformHelpers.h">
      <Filter>External</Filter>
    </ClInclude>
    <ClInclude Include="External\Keyboard.h">
      <Filter>External</Filter>
    </ClInclude>
    <ClInclude Include="External\Mouse.h">
      <Filter>External</Filter>
    </ClInclude>
    <ClInclude Include="pch.h">
      <Filter>Header</Filter>
    </ClInclude>
    <ClInclude Include="Application.hpp">
      <Filter>Header</Filter>
    </ClInclude>
    <ClInclude Include="DescriptorAllocator.hpp">
      <Filter>Header</Filter>
    </ClInclude>
    <ClInclude Include="Device.hpp">
      <Filter>Header</Filter>
    </ClInclude>
    <ClInclude Include="Singleton.hpp">
      <Filter>Header</Filter>
    </ClInclude>
    <ClInclude Include="TextureManager.hpp">
      <Filter>Header</Filter>
    </ClInclude>
    <ClInclude Include="Utility.hpp">
      <Filter>Header</Filter>
    </ClInclude>
    <ClInclude Include="Scene.hpp">
      <Filter>Header</Filter>
    </ClInclude>
    <ClInclude Include="Camera.hpp">
      <Filter>Header</Filter>
    </ClInclude>
    <ClInclude Include="BufferObject.hpp">
      <Filter>Header</Filter>
    </ClInclude>
    <ClInclude Include="External\imgui\imgui.h">
      <Filter>External\imgui</Filter>
    </ClInclude>
    <ClInclude Include="External\imgui\imgui_internal.h">
      <Filter>External\imgui</Filter>
    </ClInclude>
    <ClInclude Include="External\imgui\imstb_rectpack.h">
      <Filter>External\imgui</Filter>
    </ClInclude>
    <ClInclude Include="External\imgui\imstb_textedit.h">
      <Filter>External\imgui</Filter>
    </ClInclude>
    <ClInclude Include="External\imgui\imstb_truetype.h">
      <Filter>External\imgui</Filter>
    </ClInclude>
    <ClInclude Include="External\imgui\imconfig.h">
      <Filter>External\imgui</Filter>
    </ClInclude>
    <ClInclude Include="External\imgui\examples\imgui_impl_win32.h">
      <Filter>External\imgui</Filter>
    </ClInclude>
    <ClInclude Include="External\imgui\examples\imgui_impl_dx12.h">
      <Filter>External\imgui</Filter>
    </ClInclude>
    <ClInclude Include="ModelMaterial.hpp">
      <Filter>Header</Filter>
    </ClInclude>
    <ClInclude Include="AnimationPlayer.h">
      <Filter>New</Filter>
    </ClInclude>
    <ClInclude Include="Bone.hpp">
      <Filter>New</Filter>
    </ClInclude>
    <ClInclude Include="Model.hpp">
      <Filter>New</Filter>
    </ClInclude>
    <ClInclude Include="PmdFile.hpp">
      <Filter>New</Filter>
    </ClInclude>
  </ItemGroup>
  <ItemGroup>
    <Image Include="directx.ico">
      <Filter>misc</Filter>
    </Image>
  </ItemGroup>
  <ItemGroup>
    <ClCompile Include="External\WICTextureLoader12.cpp">
      <Filter>External</Filter>
    </ClCompile>
    <ClCompile Include="External\Keyboard.cpp">
      <Filter>External</Filter>
    </ClCompile>
    <ClCompile Include="External\Mouse.cpp">
      <Filter>External</Filter>
    </ClCompile>
    <ClCompile Include="main.cpp">
      <Filter>Source</Filter>
    </ClCompile>
    <ClCompile Include="pch.cpp">
      <Filter>Source</Filter>
    </ClCompile>
    <ClCompile Include="Application.cpp">
      <Filter>Source</Filter>
    </ClCompile>
    <ClCompile Include="DescriptorAllocator.cpp">
      <Filter>Source</Filter>
    </ClCompile>
    <ClCompile Include="Device.cpp">
      <Filter>Source</Filter>
    </ClCompile>
    <ClCompile Include="Singleton.cpp">
      <Filter>Source</Filter>
    </ClCompile>
    <ClCompile Include="TextureManager.cpp">
      <Filter>Source</Filter>
    </ClCompile>
    <ClCompile Include="Utility.cpp">
      <Filter>Source</Filter>
    </ClCompile>
    <ClCompile Include="Scene.cpp">
      <Filter>Source</Filter>
    </ClCompile>
    <ClCompile Include="Camera.cpp">
      <Filter>Source</Filter>
    </ClCompile>
    <ClCompile Include="BufferObject.cpp">
      <Filter>Source</Filter>
    </ClCompile>
    <ClCompile Include="External\imgui\imgui.cpp">
      <Filter>External\imgui</Filter>
    </ClCompile>
    <ClCompile Include="External\imgui\imgui_draw.cpp">
      <Filter>External\imgui</Filter>
    </ClCompile>
    <ClCompile Include="External\imgui\imgui_widgets.cpp">
      <Filter>External\imgui</Filter>
    </ClCompile>
    <ClCompile Include="External\imgui\examples\imgui_impl_dx12.cpp">
      <Filter>External\imgui</Filter>
    </ClCompile>
    <ClCompile Include="External\imgui\examples\imgui_impl_win32.cpp">
      <Filter>External\imgui</Filter>
    </ClCompile>
    <ClCompile Include="ModelMaterial.cpp">
      <Filter>Source</Filter>
    </ClCompile>
    <ClCompile Include="AnimationPlayer.cpp">
      <Filter>New</Filter>
    </ClCompile>
    <ClCompile Include="Bone.cpp">
      <Filter>New</Filter>
    </ClCompile>
    <ClCompile Include="Model.cpp">
      <Filter>New</Filter>
    </ClCompile>
    <ClCompile Include="PmdFile.cpp">
      <Filter>New</Filter>
    </ClCompile>
  </ItemGroup>
  <ItemGroup>
    <ResourceCompile Include="resource.rc">
      <Filter>misc</Filter>
    </ResourceCompile>
  </ItemGroup>
  <ItemGroup>
    <Manifest Include="settings.manifest">
      <Filter>misc</Filter>
    </Manifest>
  </ItemGroup>
</Project>